
Microsoft Visual Studio Solution File, Format Version 12.00
# Visual Studio Version 17
VisualStudioVersion = 17.0.31912.275
MinimumVisualStudioVersion = 10.0.40219.1
Project("{9A19103F-16F7-4668-BE54-9A1E7A4F7556}") = "SortGarbage", "SortGarbage\SortGarbage.csproj", "{6B6607E8-6E9D-4467-B959-BDC1A3D57A1E}"
EndProject
Project("{9A19103F-16F7-4668-BE54-9A1E7A4F7556}") = "SortGarbage.Models", "SortGarbage.Models\SortGarbage.Models.csproj", "{E7E6B948-D6F7-4F66-9FAC-6B174262342D}"
EndProject
Project("{9A19103F-16F7-4668-BE54-9A1E7A4F7556}") = "SortGarbage.Persistence", "SortGarbage.Persistence\SortGarbage.Persistence.csproj", "{6C850BD5-FB22-4CF7-99A5-49F4C6F88D0E}"
EndProject
Project("{9A19103F-16F7-4668-BE54-9A1E7A4F7556}") = "SortGarbage.Services", "SortGarbage.Services\SortGarbage.Services.csproj", "{877CB66A-D37F-486F-9630-EEA00F52A6F6}"
EndProject
Global
	GlobalSection(SolutionConfigurationPlatforms) = preSolution
		Debug|Any CPU = Debug|Any CPU
		Release|Any CPU = Release|Any CPU
	EndGlobalSection
	GlobalSection(ProjectConfigurationPlatforms) = postSolution
		{6B6607E8-6E9D-4467-B959-BDC1A3D57A1E}.Debug|Any CPU.ActiveCfg = Debug|Any CPU
		{6B6607E8-6E9D-4467-B959-BDC1A3D57A1E}.Debug|Any CPU.Build.0 = Debug|Any CPU
		{6B6607E8-6E9D-4467-B959-BDC1A3D57A1E}.Release|Any CPU.ActiveCfg = Release|Any CPU
		{6B6607E8-6E9D-4467-B959-BDC1A3D57A1E}.Release|Any CPU.Build.0 = Release|Any CPU
		{E7E6B948-D6F7-4F66-9FAC-6B174262342D}.Debug|Any CPU.ActiveCfg = Debug|Any CPU
		{E7E6B948-D6F7-4F66-9FAC-6B174262342D}.Debug|Any CPU.Build.0 = Debug|Any CPU
		{E7E6B948-D6F7-4F66-9FAC-6B174262342D}.Release|Any CPU.ActiveCfg = Release|Any CPU
		{E7E6B948-D6F7-4F66-9FAC-6B174262342D}.Release|Any CPU.Build.0 = Release|Any CPU
		{6C850BD5-FB22-4CF7-99A5-49F4C6F88D0E}.Debug|Any CPU.ActiveCfg = Debug|Any CPU
		{6C850BD5-FB22-4CF7-99A5-49F4C6F88D0E}.Debug|Any CPU.Build.0 = Debug|Any CPU
		{6C850BD5-FB22-4CF7-99A5-49F4C6F88D0E}.Release|Any CPU.ActiveCfg = Release|Any CPU
		{6C850BD5-FB22-4CF7-99A5-49F4C6F88D0E}.Release|Any CPU.Build.0 = Release|Any CPU
		{877CB66A-D37F-486F-9630-EEA00F52A6F6}.Debug|Any CPU.ActiveCfg = Debug|Any CPU
		{877CB66A-D37F-486F-9630-EEA00F52A6F6}.Debug|Any CPU.Build.0 = Debug|Any CPU
		{877CB66A-D37F-486F-9630-EEA00F52A6F6}.Release|Any CPU.ActiveCfg = Release|Any CPU
		{877CB66A-D37F-486F-9630-EEA00F52A6F6}.Release|Any CPU.Build.0 = Release|Any CPU
	EndGlobalSection
	GlobalSection(SolutionProperties) = preSolution
		HideSolutionNode = FALSE
	EndGlobalSection
	GlobalSection(ExtensibilityGlobals) = postSolution
		SolutionGuid = {A72FA284-62ED-4A79-953E-5AE3985D71E2}
	EndGlobalSection
EndGlobal
